{
  "name": "is-localhost-ip",
  "version": "3.0.1",
  "lockfileVersion": 3,
  "requires": true,
  "packages": {
    "": {
      "name": "is-localhost-ip",
      "version": "3.0.1",
      "license": "MIT",
      "devDependencies": {
        "@types/node": "22.15.21",
        "lefthook": "^2.0.15",
        "oxfmt": "^0.24.0",
        "oxlint": "^1.39.0"
      },
      "engines": {
        "node": ">=18"
      }
    },
    "node_modules/@oxfmt/darwin-arm64": {
      "version": "0.24.0",
      "resolved": "https://registry.npmjs.org/@oxfmt/darwin-arm64/-/darwin-arm64-0.24.0.tgz",
      "integrity": "sha512-aYXuGf/yq8nsyEcHindGhiz9I+GEqLkVq8CfPbd+6VE259CpPEH+CaGHEO1j6vIOmNr8KHRq+IAjeRO2uJpb8A==",
      "cpu": [
        "arm64"
      ],
      "dev": true,
      "license": "MIT",
      "optional": true,
      "os": [
        "darwin"
      ]
    },
    "node_modules/@oxfmt/darwin-x64": {
      "version": "0.24.0",
      "resolved": "https://registry.npmjs.org/@oxfmt/darwin-x64/-/darwin-x64-0.24.0.tgz",
      "integrity": "sha512-vs3b8Bs53hbiNvcNeBilzE/+IhDTWKjSBB3v/ztr664nZk65j0xr+5IHMBNz3CFppmX7o/aBta2PxY+t+4KoPg==",
      "cpu": [
        "x64"
      ],
      "dev": true,
      "license": "MIT",
      "optional": true,
      "os": [
        "darwin"
      ]
    },
    "node_modules/@oxfmt/linux-arm64-gnu": {
      "version": "0.24.0",
      "resolved": "https://registry.npmjs.org/@oxfmt/linux-arm64-gnu/-/linux-arm64-gnu-0.24.0.tgz",
      "integrity": "sha512-ItPDOPoQ0wLj/s8osc5ch57uUcA1Wk8r0YdO8vLRpXA3UNg7KPOm1vdbkIZRRiSUphZcuX5ioOEetEK8H7RlTw==",
      "cpu": [
        "arm64"
      ],
      "dev": true,
      "license": "MIT",
      "optional": true,
      "os": [
        "linux"
      ]
    },
    "node_modules/@oxfmt/linux-arm64-musl": {
      "version": "0.24.0",
      "resolved": "https://registry.npmjs.org/@oxfmt/linux-arm64-musl/-/linux-arm64-musl-0.24.0.tgz",
      "integrity": "sha512-JkQO3WnQjQTJONx8nxdgVBfl6BBFfpp9bKhChYhWeakwJdr7QPOAWJ/v3FGZfr0TbqINwnNR74aVZayDDRyXEA==",
      "cpu": [
        "arm64"
      ],
      "dev": true,
      "license": "MIT",
      "optional": true,
      "os": [
        "linux"
      ]
    },
    "node_modules/@oxfmt/linux-x64-gnu": {
      "version": "0.24.0",
      "resolved": "https://registry.npmjs.org/@oxfmt/linux-x64-gnu/-/linux-x64-gnu-0.24.0.tgz",
      "integrity": "sha512-N/SXlFO+2kak5gMt0oxApi0WXQDhwA0PShR0UbkY0PwtHjfSiDqJSOumyNqgQVoroKr1GNnoRmUqjZIz6DKIcw==",
      "cpu": [
        "x64"
      ],
      "dev": true,
      "license": "MIT",
      "optional": true,
      "os": [
        "linux"
      ]
    },
    "node_modules/@oxfmt/linux-x64-musl": {
      "version": "0.24.0",
      "resolved": "https://registry.npmjs.org/@oxfmt/linux-x64-musl/-/linux-x64-musl-0.24.0.tgz",
      "integrity": "sha512-WM0pek5YDCQf50XQ7GLCE9sMBCMPW/NPAEPH/Hx6Qyir37lEsP4rUmSECo/QFNTU6KBc9NnsviAyJruWPpCMXw==",
      "cpu": [
        "x64"
      ],
      "dev": true,
      "license": "MIT",
      "optional": true,
      "os": [
        "linux"
      ]
    },
    "node_modules/@oxfmt/win32-arm64": {
      "version": "0.24.0",
      "resolved": "https://registry.npmjs.org/@oxfmt/win32-arm64/-/win32-arm64-0.24.0.tgz",
      "integrity": "sha512-vFCseli1KWtwdHrVlT/jWfZ8jP8oYpnPPEjI23mPLW8K/6GEJmmvy0PZP5NpWUFNTzX0lqie58XnrATJYAe9Xw==",
      "cpu": [
        "arm64"
      ],
      "dev": true,
      "license": "MIT",
      "optional": true,
      "os": [
        "win32"
      ]
    },
    "node_modules/@oxfmt/win32-x64": {
      "version": "0.24.0",
      "resolved": "https://registry.npmjs.org/@oxfmt/win32-x64/-/win32-x64-0.24.0.tgz",
      "integrity": "sha512-0tmlNzcyewAnauNeBCq0xmAkmiKzl+H09p0IdHy+QKrTQdtixtf+AOjDAADbRfihkS+heF15Pjc4IyJMdAAJjw==",
      "cpu": [
        "x64"
      ],
      "dev": true,
      "license": "MIT",
      "optional": true,
      "os": [
        "win32"
      ]
    },
    "node_modules/@oxlint/darwin-arm64": {
      "version": "1.39.0",
      "resolved": "https://registry.npmjs.org/@oxlint/darwin-arm64/-/darwin-arm64-1.39.0.tgz",
      "integrity": "sha512-lT3hNhIa02xCujI6YGgjmYGg3Ht/X9ag5ipUVETaMpx5Rd4BbTNWUPif1WN1YZHxt3KLCIqaAe7zVhatv83HOQ==",
      "cpu": [
        "arm64"
      ],
      "dev": true,
      "license": "MIT",
      "optional": true,
      "os": [
        "darwin"
      ]
    },
    "node_modules/@oxlint/darwin-x64": {
      "version": "1.39.0",
      "resolved": "https://registry.npmjs.org/@oxlint/darwin-x64/-/darwin-x64-1.39.0.tgz",
      "integrity": "sha512-UT+rfTWd+Yr7iJeSLd/7nF8X4gTYssKh+n77hxl6Oilp3NnG1CKRHxZDy3o3lIBnwgzJkdyUAiYWO1bTMXQ1lA==",
      "cpu": [
        "x64"
      ],
      "dev": true,
      "license": "MIT",
      "optional": true,
      "os": [
        "darwin"
      ]
    },
    "node_modules/@oxlint/linux-arm64-gnu": {
      "version": "1.39.0",
      "resolved": "https://registry.npmjs.org/@oxlint/linux-arm64-gnu/-/linux-arm64-gnu-1.39.0.tgz",
      "integrity": "sha512-qocBkvS2V6rH0t9AT3DfQunMnj3xkM7srs5/Ycj2j5ZqMoaWd/FxHNVJDFP++35roKSvsRJoS0mtA8/77jqm6Q==",
      "cpu": [
        "arm64"
      ],
      "dev": true,
      "license": "MIT",
      "optional": true,
      "os": [
        "linux"
      ]
    },
    "node_modules/@oxlint/linux-arm64-musl": {
      "version": "1.39.0",
      "resolved": "https://registry.npmjs.org/@oxlint/linux-arm64-musl/-/linux-arm64-musl-1.39.0.tgz",
      "integrity": "sha512-arZzAc1PPcz9epvGBBCMHICeyQloKtHX3eoOe62B3Dskn7gf6Q14wnDHr1r9Vp4vtcBATNq6HlKV14smdlC/qA==",
      "cpu": [
        "arm64"
      ],
      "dev": true,
      "license": "MIT",
      "optional": true,
      "os": [
        "linux"
      ]
    },
    "node_modules/@oxlint/linux-x64-gnu": {
      "version": "1.39.0",
      "resolved": "https://registry.npmjs.org/@oxlint/linux-x64-gnu/-/linux-x64-gnu-1.39.0.tgz",
      "integrity": "sha512-ZVt5qsECpuNprdWxAPpDBwoixr1VTcZ4qAEQA2l/wmFyVPDYFD3oBY/SWACNnWBddMrswjTg9O8ALxYWoEpmXw==",
      "cpu": [
        "x64"
      ],
      "dev": true,
      "license": "MIT",
      "optional": true,
      "os": [
        "linux"
      ]
    },
    "node_modules/@oxlint/linux-x64-musl": {
      "version": "1.39.0",
      "resolved": "https://registry.npmjs.org/@oxlint/linux-x64-musl/-/linux-x64-musl-1.39.0.tgz",
      "integrity": "sha512-pB0hlGyKPbxr9NMIV783lD6cWL3MpaqnZRM9MWni4yBdHPTKyFNYdg5hGD0Bwg+UP4S2rOevq/+OO9x9Bi7E6g==",
      "cpu": [
        "x64"
      ],
      "dev": true,
      "license": "MIT",
      "optional": true,
      "os": [
        "linux"
      ]
    },
    "node_modules/@oxlint/win32-arm64": {
      "version": "1.39.0",
      "resolved": "https://registry.npmjs.org/@oxlint/win32-arm64/-/win32-arm64-1.39.0.tgz",
      "integrity": "sha512-Gg2SFaJohI9+tIQVKXlPw3FsPQFi/eCSWiCgwPtPn5uzQxHRTeQEZKuluz1fuzR5U70TXubb2liZi4Dgl8LJQA==",
      "cpu": [
        "arm64"
      ],
      "dev": true,
      "license": "MIT",
      "optional": true,
      "os": [
        "win32"
      ]
    },
    "node_modules/@oxlint/win32-x64": {
      "version": "1.39.0",
      "resolved": "https://registry.npmjs.org/@oxlint/win32-x64/-/win32-x64-1.39.0.tgz",
      "integrity": "sha512-sbi25lfj74hH+6qQtb7s1wEvd1j8OQbTaH8v3xTcDjrwm579Cyh0HBv1YSZ2+gsnVwfVDiCTL1D0JsNqYXszVA==",
      "cpu": [
        "x64"
      ],
      "dev": true,
      "license": "MIT",
      "optional": true,
      "os": [
        "win32"
      ]
    },
    "node_modules/@types/node": {
      "version": "22.15.21",
      "resolved": "https://registry.npmjs.org/@types/node/-/node-22.15.21.tgz",
      "integrity": "sha512-EV/37Td6c+MgKAbkcLG6vqZ2zEYHD7bvSrzqqs2RIhbA6w3x+Dqz8MZM3sP6kGTeLrdoOgKZe+Xja7tUB2DNkQ==",
      "dev": true,
      "license": "MIT",
      "dependencies": {
        "undici-types": "~6.21.0"
      }
    },
    "node_modules/lefthook": {
      "version": "2.0.15",
      "resolved": "https://registry.npmjs.org/lefthook/-/lefthook-2.0.15.tgz",
      "integrity": "sha512-sl5rePO6UUOLKp6Ci+MMKOc86zicBaPUCvSw2Cq4gCAgTmxpxhIjhz7LOu2ObYerVRPpTq3gvzPTjI71UotjnA==",
      "dev": true,
      "hasInstallScript": true,
      "license": "MIT",
      "bin": {
        "lefthook": "bin/index.js"
      },
      "optionalDependencies": {
        "lefthook-darwin-arm64": "2.0.15",
        "lefthook-darwin-x64": "2.0.15",
        "lefthook-freebsd-arm64": "2.0.15",
        "lefthook-freebsd-x64": "2.0.15",
        "lefthook-linux-arm64": "2.0.15",
        "lefthook-linux-x64": "2.0.15",
        "lefthook-openbsd-arm64": "2.0.15",
        "lefthook-openbsd-x64": "2.0.15",
        "lefthook-windows-arm64": "2.0.15",
        "lefthook-windows-x64": "2.0.15"
      }
    },
    "node_modules/lefthook-darwin-arm64": {
      "version": "2.0.15",
      "resolved": "https://registry.npmjs.org/lefthook-darwin-arm64/-/lefthook-darwin-arm64-2.0.15.tgz",
      "integrity": "sha512-ygAqG/NzOgY9bEiqeQtiOmCRTtp9AmOd3eyrpEaSrRB9V9f3RHRgWDrWbde9BiHSsCzcbeY9/X2NuKZ69eUsNA==",
      "cpu": [
        "arm64"
      ],
      "dev": true,
      "license": "MIT",
      "optional": true,
      "os": [
        "darwin"
      ]
    },
    "node_modules/lefthook-darwin-x64": {
      "version": "2.0.15",
      "resolved": "https://registry.npmjs.org/lefthook-darwin-x64/-/lefthook-darwin-x64-2.0.15.tgz",
      "integrity": "sha512-3wA30CzdSL5MFKD6dk7v8BMq7ScWQivpLbmIn3Pv67AaBavN57N/hcdGqOFnDDFI5WazVwDY7UqDfMIk5HZjEA==",
      "cpu": [
        "x64"
      ],
      "dev": true,
      "license": "MIT",
      "optional": true,
      "os": [
        "darwin"
      ]
    },
    "node_modules/lefthook-freebsd-arm64": {
      "version": "2.0.15",
      "resolved": "https://registry.npmjs.org/lefthook-freebsd-arm64/-/lefthook-freebsd-arm64-2.0.15.tgz",
      "integrity": "sha512-FbYBBLVbX8BjdO+icN1t/pC3TOW3FAvTKv/zggBKNihv6jHNn/3s/0j2xIS0k0Pw9oOE7MVmEni3qp2j5vqHrQ==",
      "cpu": [
        "arm64"
      ],
      "dev": true,
      "license": "MIT",
      "optional": true,
      "os": [
        "freebsd"
      ]
    },
    "node_modules/lefthook-freebsd-x64": {
      "version": "2.0.15",
      "resolved": "https://registry.npmjs.org/lefthook-freebsd-x64/-/lefthook-freebsd-x64-2.0.15.tgz",
      "integrity": "sha512-udHMjh1E8TfC0Z7Y249XZMATJOyj1Jxlj9JoEinkoBvAsePFKDEQg5teuXuTGhjsHYpqVekfSvLNNfHKUUbbjw==",
      "cpu": [
        "x64"
      ],
      "dev": true,
      "license": "MIT",
      "optional": true,
      "os": [
        "freebsd"
      ]
    },
    "node_modules/lefthook-linux-arm64": {
      "version": "2.0.15",
      "resolved": "https://registry.npmjs.org/lefthook-linux-arm64/-/lefthook-linux-arm64-2.0.15.tgz",
      "integrity": "sha512-1HAPmdYhfcOlubv63sTnWtW2rFuC+kT1MvC3JvdrS5V6zrOImbBSnYZMJX/Dd3w4pm0x2ZJb9T+uef8a0jUQkg==",
      "cpu": [
        "arm64"
      ],
      "dev": true,
      "license": "MIT",
      "optional": true,
      "os": [
        "linux"
      ]
    },
    "node_modules/lefthook-linux-x64": {
      "version": "2.0.15",
      "resolved": "https://registry.npmjs.org/lefthook-linux-x64/-/lefthook-linux-x64-2.0.15.tgz",
      "integrity": "sha512-Pho87mlNFH47zc4fPKzQSp8q9sWfIFW/KMMZfx/HZNmX25aUUTOqMyRwaXxtdAo/hNJ9FX4JeuZWq9Y3iyM5VA==",
      "cpu": [
        "x64"
      ],
      "dev": true,
      "license": "MIT",
      "optional": true,
      "os": [
        "linux"
      ]
    },
    "node_modules/lefthook-openbsd-arm64": {
      "version": "2.0.15",
      "resolved": "https://registry.npmjs.org/lefthook-openbsd-arm64/-/lefthook-openbsd-arm64-2.0.15.tgz",
      "integrity": "sha512-pet03Edlj1QeFUgxcIK1xu8CeZA+ejYplvPgdfe//69+vQFGSDaEx3H2mVx8RqzWfmMbijM2/WfkZXR2EVw3bw==",
      "cpu": [
        "arm64"
      ],
      "dev": true,
      "license": "MIT",
      "optional": true,
      "os": [
        "openbsd"
      ]
    },
    "node_modules/lefthook-openbsd-x64": {
      "version": "2.0.15",
      "resolved": "https://registry.npmjs.org/lefthook-openbsd-x64/-/lefthook-openbsd-x64-2.0.15.tgz",
      "integrity": "sha512-i+a364CcSAeIO5wQzLMHsthHt/v6n3XwhKmRq/VBzPOUv9KutNeF55yCE/6lvuvzwxpdEfBjh6cXPERC0yp98w==",
      "cpu": [
        "x64"
      ],
      "dev": true,
      "license": "MIT",
      "optional": true,
      "os": [
        "openbsd"
      ]
    },
    "node_modules/lefthook-windows-arm64": {
      "version": "2.0.15",
      "resolved": "https://registry.npmjs.org/lefthook-windows-arm64/-/lefthook-windows-arm64-2.0.15.tgz",
      "integrity": "sha512-69u5GdVOT4QIxc2TK5ce0cTXLzwB55Pk9ZnnJNFf1XsyZTGcg9bUWYYTyD12CIIXbVTa0RVXIIrbU9UgP8O1AQ==",
      "cpu": [
        "arm64"
      ],
      "dev": true,
      "license": "MIT",
      "optional": true,
      "os": [
        "win32"
      ]
    },
    "node_modules/lefthook-windows-x64": {
      "version": "2.0.15",
      "resolved": "https://registry.npmjs.org/lefthook-windows-x64/-/lefthook-windows-x64-2.0.15.tgz",
      "integrity": "sha512-/zYEndCUgj8XK+4wvLYLRk3AcfKU6zWf2GHx+tcZ4K2bLaQdej4m+OqmQsVpUlF8N2tN9hfwlj1D50uz75LUuQ==",
      "cpu": [
        "x64"
      ],
      "dev": true,
      "license": "MIT",
      "optional": true,
      "os": [
        "win32"
      ]
    },
    "node_modules/oxfmt": {
      "version": "0.24.0",
      "resolved": "https://registry.npmjs.org/oxfmt/-/oxfmt-0.24.0.tgz",
      "integrity": "sha512-UjeM3Peez8Tl7IJ9s5UwAoZSiDRMww7BEc21gDYxLq3S3/KqJnM3mjNxsoSHgmBvSeX6RBhoVc2MfC/+96RdSw==",
      "dev": true,
      "license": "MIT",
      "dependencies": {
        "tinypool": "2.0.0"
      },
      "bin": {
        "oxfmt": "bin/oxfmt"
      },
      "engines": {
        "node": "^20.19.0 || >=22.12.0"
      },
      "funding": {
        "url": "https://github.com/sponsors/Boshen"
      },
      "optionalDependencies": {
        "@oxfmt/darwin-arm64": "0.24.0",
        "@oxfmt/darwin-x64": "0.24.0",
        "@oxfmt/linux-arm64-gnu": "0.24.0",
        "@oxfmt/linux-arm64-musl": "0.24.0",
        "@oxfmt/linux-x64-gnu": "0.24.0",
        "@oxfmt/linux-x64-musl": "0.24.0",
        "@oxfmt/win32-arm64": "0.24.0",
        "@oxfmt/win32-x64": "0.24.0"
      }
    },
    "node_modules/oxlint": {
      "version": "1.39.0",
      "resolved": "https://registry.npmjs.org/oxlint/-/oxlint-1.39.0.tgz",
      "integrity": "sha512-wSiLr0wjG+KTU6c1LpVoQk7JZ7l8HCKlAkVDVTJKWmCGazsNxexxnOXl7dsar92mQcRnzko5g077ggP3RINSjA==",
      "dev": true,
      "license": "MIT",
      "bin": {
        "oxlint": "bin/oxlint"
      },
      "engines": {
        "node": "^20.19.0 || >=22.12.0"
      },
      "funding": {
        "url": "https://github.com/sponsors/Boshen"
      },
      "optionalDependencies": {
        "@oxlint/darwin-arm64": "1.39.0",
        "@oxlint/darwin-x64": "1.39.0",
        "@oxlint/linux-arm64-gnu": "1.39.0",
        "@oxlint/linux-arm64-musl": "1.39.0",
        "@oxlint/linux-x64-gnu": "1.39.0",
        "@oxlint/linux-x64-musl": "1.39.0",
        "@oxlint/win32-arm64": "1.39.0",
        "@oxlint/win32-x64": "1.39.0"
      },
      "peerDependencies": {
        "oxlint-tsgolint": ">=0.10.0"
      },
      "peerDependenciesMeta": {
        "oxlint-tsgolint": {
          "optional": true
        }
      }
    },
    "node_modules/tinypool": {
      "version": "2.0.0",
      "resolved": "https://registry.npmjs.org/tinypool/-/tinypool-2.0.0.tgz",
      "integrity": "sha512-/RX9RzeH2xU5ADE7n2Ykvmi9ED3FBGPAjw9u3zucrNNaEBIO0HPSYgL0NT7+3p147ojeSdaVu08F6hjpv31HJg==",
      "dev": true,
      "license": "MIT",
      "engines": {
        "node": "^20.0.0 || >=22.0.0"
      }
    },
    "node_modules/undici-types": {
      "version": "6.21.0",
      "resolved": "https://registry.npmjs.org/undici-types/-/undici-types-6.21.0.tgz",
      "integrity": "sha512-iwDZqg0QAGrg9Rav5H4n0M64c3mkR59cJ6wQp+7C4nI0gsmExaedaYLNO44eT4AtBBwjbTiGPMlt2Md0T9H9JQ==",
      "dev": true,
      "license": "MIT"
    }
  }
}
